# This file is automatically @generated by Cargo.
# It is not intended for manual editing.
[[package]]
name = "paste"
version = "0.1.5"
source = "registry+https://github.com/rust-lang/crates.io-index"
dependencies = [
 "paste-impl 0.1.5 (registry+https://github.com/rust-lang/crates.io-index)",
 "proc-macro-hack 0.5.8 (registry+https://github.com/rust-lang/crates.io-index)",
]

[[package]]
name = "paste-impl"
version = "0.1.5"
source = "registry+https://github.com/rust-lang/crates.io-index"
dependencies = [
 "proc-macro-hack 0.5.8 (registry+https://github.com/rust-lang/crates.io-index)",
 "proc-macro2 0.4.30 (registry+https://github.com/rust-lang/crates.io-index)",
 "quote 0.6.13 (registry+https://github.com/rust-lang/crates.io-index)",
 "syn 0.15.42 (registry+https://github.com/rust-lang/crates.io-index)",
]

[[package]]
name = "proc-macro-hack"
version = "0.5.8"
source = "registry+https://github.com/rust-lang/crates.io-index"
dependencies = [
 "proc-macro2 0.4.30 (registry+https://github.com/rust-lang/crates.io-index)",
 "quote 0.6.13 (registry+https://github.com/rust-lang/crates.io-index)",
 "syn 0.15.42 (registry+https://github.com/rust-lang/crates.io-index)",
]

[[package]]
name = "proc-macro2"
version = "0.4.30"
source = "registry+https://github.com/rust-lang/crates.io-index"
dependencies = [
 "unicode-xid 0.1.0 (registry+https://github.com/rust-lang/crates.io-index)",
]

[[package]]
name = "quote"
version = "0.6.13"
source = "registry+https://github.com/rust-lang/crates.io-index"
dependencies = [
 "proc-macro2 0.4.30 (registry+https://github.com/rust-lang/crates.io-index)",
]

[[package]]
name = "ruspiro-lock"
version = "0.0.1"
source = "git+https://github.com/RusPiRo/ruspiro-lock?tag=v0.0.1#8d273ea7c138531c696df03ce3574cfce651eb52"

[[package]]
name = "ruspiro-mailbox"
version = "0.0.1"
dependencies = [
 "paste 0.1.5 (registry+https://github.com/rust-lang/crates.io-index)",
 "ruspiro-register 0.0.1 (git+https://github.com/RusPiRo/ruspiro-register?tag=v0.0.1)",
 "ruspiro-singleton 0.0.1 (git+https://github.com/RusPiRo/ruspiro-singleton?tag=v0.0.1)",
]

[[package]]
name = "ruspiro-register"
version = "0.0.1"
source = "git+https://github.com/RusPiRo/ruspiro-register?tag=v0.0.1#75e3a97047b889e38788235061a5ac7773fb014f"

[[package]]
name = "ruspiro-singleton"
version = "0.0.1"
source = "git+https://github.com/RusPiRo/ruspiro-singleton?tag=v0.0.1#2c16af58f00e3b33fee4508bc2c9646a3db9e9c9"
dependencies = [
 "ruspiro-lock 0.0.1 (git+https://github.com/RusPiRo/ruspiro-lock?tag=v0.0.1)",
]

[[package]]
name = "syn"
version = "0.15.42"
source = "registry+https://github.com/rust-lang/crates.io-index"
dependencies = [
 "proc-macro2 0.4.30 (registry+https://github.com/rust-lang/crates.io-index)",
 "quote 0.6.13 (registry+https://github.com/rust-lang/crates.io-index)",
 "unicode-xid 0.1.0 (registry+https://github.com/rust-lang/crates.io-index)",
]

[[package]]
name = "unicode-xid"
version = "0.1.0"
source = "registry+https://github.com/rust-lang/crates.io-index"

[metadata]
"checksum paste 0.1.5 (registry+https://github.com/rust-lang/crates.io-index)" = "1f4a4a1c555c6505821f9d58b8779d0f630a6b7e4e1be24ba718610acf01fa79"
"checksum paste-impl 0.1.5 (registry+https://github.com/rust-lang/crates.io-index)" = "26e796e623b8b257215f27e6c80a5478856cae305f5b59810ff9acdaa34570e6"
"checksum proc-macro-hack 0.5.8 (registry+https://github.com/rust-lang/crates.io-index)" = "982a35d1194084ba319d65c4a68d24ca28f5fdb5b8bc20899e4eef8641ea5178"
"checksum proc-macro2 0.4.30 (registry+https://github.com/rust-lang/crates.io-index)" = "cf3d2011ab5c909338f7887f4fc896d35932e29146c12c8d01da6b22a80ba759"
"checksum quote 0.6.13 (registry+https://github.com/rust-lang/crates.io-index)" = "6ce23b6b870e8f94f81fb0a363d65d86675884b34a09043c81e5562f11c1f8e1"
"checksum ruspiro-lock 0.0.1 (git+https://github.com/RusPiRo/ruspiro-lock?tag=v0.0.1)" = "<none>"
"checksum ruspiro-register 0.0.1 (git+https://github.com/RusPiRo/ruspiro-register?tag=v0.0.1)" = "<none>"
"checksum ruspiro-singleton 0.0.1 (git+https://github.com/RusPiRo/ruspiro-singleton?tag=v0.0.1)" = "<none>"
"checksum syn 0.15.42 (registry+https://github.com/rust-lang/crates.io-index)" = "eadc09306ca51a40555dd6fc2b415538e9e18bc9f870e47b1a524a79fe2dcf5e"
"checksum unicode-xid 0.1.0 (registry+https://github.com/rust-lang/crates.io-index)" = "fc72304796d0818e357ead4e000d19c9c174ab23dc11093ac919054d20a6a7fc"
