# This file is automatically @generated by Cargo.
# It is not intended for manual editing.
[[package]]
name = "cc"
version = "1.0.48"
source = "registry+https://github.com/rust-lang/crates.io-index"
checksum = "f52a465a666ca3d838ebbf08b241383421412fe7ebb463527bba275526d89f76"

[[package]]
name = "paste"
version = "0.1.6"
source = "registry+https://github.com/rust-lang/crates.io-index"
checksum = "423a519e1c6e828f1e73b720f9d9ed2fa643dce8a7737fb43235ce0b41eeaa49"
dependencies = [
 "paste-impl",
 "proc-macro-hack",
]

[[package]]
name = "paste-impl"
version = "0.1.6"
source = "registry+https://github.com/rust-lang/crates.io-index"
checksum = "4214c9e912ef61bf42b81ba9a47e8aad1b2ffaf739ab162bf96d1e011f54e6c5"
dependencies = [
 "proc-macro-hack",
 "proc-macro2",
 "quote",
 "syn",
]

[[package]]
name = "proc-macro-hack"
version = "0.5.11"
source = "registry+https://github.com/rust-lang/crates.io-index"
checksum = "ecd45702f76d6d3c75a80564378ae228a85f0b59d2f3ed43c91b4a69eb2ebfc5"
dependencies = [
 "proc-macro2",
 "quote",
 "syn",
]

[[package]]
name = "proc-macro2"
version = "1.0.6"
source = "registry+https://github.com/rust-lang/crates.io-index"
checksum = "9c9e470a8dc4aeae2dee2f335e8f533e2d4b347e1434e5671afc49b054592f27"
dependencies = [
 "unicode-xid",
]

[[package]]
name = "quote"
version = "1.0.2"
source = "registry+https://github.com/rust-lang/crates.io-index"
checksum = "053a8c8bcc71fcce321828dc897a98ab9760bef03a4fc36693c231e5b3216cfe"
dependencies = [
 "proc-macro2",
]

[[package]]
name = "ruspiro-cache"
version = "0.3.1"
dependencies = [
 "cc",
]

[[package]]
name = "ruspiro-console"
version = "0.3.0"
dependencies = [
 "ruspiro-singleton",
]

[[package]]
name = "ruspiro-interrupt-core"
version = "0.3.0"

[[package]]
name = "ruspiro-lock"
version = "0.3.0"
dependencies = [
 "ruspiro-interrupt-core",
]

[[package]]
name = "ruspiro-mailbox"
version = "0.3.0"
dependencies = [
 "paste",
 "ruspiro-cache",
 "ruspiro-console",
 "ruspiro-register",
 "ruspiro-singleton",
]

[[package]]
name = "ruspiro-register"
version = "0.3.1"

[[package]]
name = "ruspiro-singleton"
version = "0.3.0"
dependencies = [
 "ruspiro-lock",
]

[[package]]
name = "syn"
version = "1.0.11"
source = "registry+https://github.com/rust-lang/crates.io-index"
checksum = "dff0acdb207ae2fe6d5976617f887eb1e35a2ba52c13c7234c790960cdad9238"
dependencies = [
 "proc-macro2",
 "quote",
 "unicode-xid",
]

[[package]]
name = "unicode-xid"
version = "0.2.0"
source = "registry+https://github.com/rust-lang/crates.io-index"
checksum = "826e7639553986605ec5979c7dd957c7895e93eabed50ab2ffa7f6128a75097c"
