# This file is automatically @generated by Cargo.
# It is not intended for manual editing.
[[package]]
name = "cc"
version = "1.0.48"
source = "registry+https://github.com/rust-lang/crates.io-index"
checksum = "f52a465a666ca3d838ebbf08b241383421412fe7ebb463527bba275526d89f76"

[[package]]
name = "paste"
version = "1.0.0"
source = "registry+https://github.com/rust-lang/crates.io-index"
checksum = "f6ddc8e145de01d9180ac7b78b9676f95a9c2447f6a88b2c2a04702211bc5d71"

[[package]]
name = "ruspiro-cache"
version = "0.3.1"
source = "git+https://github.com/RusPiRo/ruspiro-cache.git#0f949693077c1c88b3dcd31feaab91bf70108a6e"
dependencies = [
 "cc",
]

[[package]]
name = "ruspiro-console"
version = "0.3.2"
source = "git+https://github.com/RusPiRo/ruspiro-console.git#6d51a39e7d4d8dbdad86031e17d7e0c094f6d59e"
dependencies = [
 "ruspiro-singleton",
]

[[package]]
name = "ruspiro-lock"
version = "0.3.3"
source = "registry+https://github.com/rust-lang/crates.io-index"
checksum = "28a74399234c9f843b72a0a9e081d2723239c9b6b7cbd53a28a23feedaa875f8"

[[package]]
name = "ruspiro-mailbox"
version = "0.3.1"
dependencies = [
 "paste",
 "ruspiro-cache",
 "ruspiro-console",
 "ruspiro-register",
 "ruspiro-singleton",
]

[[package]]
name = "ruspiro-register"
version = "0.4.3"
source = "git+https://github.com/RusPiRo/ruspiro-register.git#6ae800d4bdc1ac7075576d2176c9f1cbd7ff0dc7"

[[package]]
name = "ruspiro-singleton"
version = "0.3.1"
source = "git+https://github.com/RusPiRo/ruspiro-singleton.git#6314b4a5438ecfe9e63f7b2e96fa2de37a2d3884"
dependencies = [
 "ruspiro-lock",
]
